
Microsoft Visual Studio Solution File, Format Version 12.00
Project("{FAE04EC0-301F-11D3-BF4B-00C04F79EFBC}") = "BankOCR", "BankOCR\BankOCR.csproj", "{674CB223-66F6-4ADA-A358-BD5B8D49FF2F}"
EndProject
Project("{FAE04EC0-301F-11D3-BF4B-00C04F79EFBC}") = "LCD-Digits", "LCD-Digits\LCD-Digits.csproj", "{B49BDFE8-2E2A-45E5-871F-91408881BAB2}"
EndProject
Project("{FAE04EC0-301F-11D3-BF4B-00C04F79EFBC}") = "OddEven", "OddEven\OddEven.csproj", "{B9436738-D1E1-444B-B6B0-F9519FBF1339}"
EndProject
Project("{FAE04EC0-301F-11D3-BF4B-00C04F79EFBC}") = "LCD-Digits", "LCD-Digits\LCD-Digits.csproj", "{0E1256D4-50C7-4211-BED1-E17267BB8C3A}"
EndProject
Global
	GlobalSection(SolutionConfigurationPlatforms) = preSolution
		Debug|Any CPU = Debug|Any CPU
		Release|Any CPU = Release|Any CPU
	EndGlobalSection
	GlobalSection(ProjectConfigurationPlatforms) = postSolution
		{674CB223-66F6-4ADA-A358-BD5B8D49FF2F}.Debug|Any CPU.ActiveCfg = Debug|Any CPU
		{674CB223-66F6-4ADA-A358-BD5B8D49FF2F}.Debug|Any CPU.Build.0 = Debug|Any CPU
		{674CB223-66F6-4ADA-A358-BD5B8D49FF2F}.Release|Any CPU.ActiveCfg = Release|Any CPU
		{674CB223-66F6-4ADA-A358-BD5B8D49FF2F}.Release|Any CPU.Build.0 = Release|Any CPU
		{B49BDFE8-2E2A-45E5-871F-91408881BAB2}.Debug|Any CPU.ActiveCfg = Debug|Any CPU
		{B49BDFE8-2E2A-45E5-871F-91408881BAB2}.Debug|Any CPU.Build.0 = Debug|Any CPU
		{B49BDFE8-2E2A-45E5-871F-91408881BAB2}.Release|Any CPU.ActiveCfg = Release|Any CPU
		{B49BDFE8-2E2A-45E5-871F-91408881BAB2}.Release|Any CPU.Build.0 = Release|Any CPU
		{B9436738-D1E1-444B-B6B0-F9519FBF1339}.Debug|Any CPU.ActiveCfg = Debug|Any CPU
		{B9436738-D1E1-444B-B6B0-F9519FBF1339}.Debug|Any CPU.Build.0 = Debug|Any CPU
		{B9436738-D1E1-444B-B6B0-F9519FBF1339}.Release|Any CPU.ActiveCfg = Release|Any CPU
		{B9436738-D1E1-444B-B6B0-F9519FBF1339}.Release|Any CPU.Build.0 = Release|Any CPU
		{0E1256D4-50C7-4211-BED1-E17267BB8C3A}.Debug|Any CPU.ActiveCfg = Debug|Any CPU
		{0E1256D4-50C7-4211-BED1-E17267BB8C3A}.Debug|Any CPU.Build.0 = Debug|Any CPU
		{0E1256D4-50C7-4211-BED1-E17267BB8C3A}.Release|Any CPU.ActiveCfg = Release|Any CPU
		{0E1256D4-50C7-4211-BED1-E17267BB8C3A}.Release|Any CPU.Build.0 = Release|Any CPU
	EndGlobalSection
EndGlobal
